{
    "name": "mega-greeter",
    "version": "1.1.0",
    "lockfileVersion": 1,
    "requires": true,
    "dependencies": {
        "ascii-text-generator": {
            "version": "1.0.5",
            "resolved": "https://registry.npmjs.org/ascii-text-generator/-/ascii-text-generator-1.0.5.tgz",
            "integrity": "sha1-/A10QH6IMYWxA9N/KuYa5B2c8oA="
        }
    }
}
